
Microsoft Visual Studio Solution File, Format Version 12.00
# Visual Studio Version 17
VisualStudioVersion = 17.3.32804.467
MinimumVisualStudioVersion = 10.0.40219.1
Project("{8BC9CEB8-8B4A-11D0-8D11-00A0C91BC942}") = "ConsoleApplication7", "ConsoleApplication7\ConsoleApplication7.vcxproj", "{A8CC9ED8-9DA8-42F8-9329-644A79615A1F}"
EndProject
Global
	GlobalSection(SolutionConfigurationPlatforms) = preSolution
		Debug|x64 = Debug|x64
		Debug|x86 = Debug|x86
		Release|x64 = Release|x64
		Release|x86 = Release|x86
	EndGlobalSection
	GlobalSection(ProjectConfigurationPlatforms) = postSolution
		{A8CC9ED8-9DA8-42F8-9329-644A79615A1F}.Debug|x64.ActiveCfg = Debug|x64
		{A8CC9ED8-9DA8-42F8-9329-644A79615A1F}.Debug|x64.Build.0 = Debug|x64
		{A8CC9ED8-9DA8-42F8-9329-644A79615A1F}.Debug|x86.ActiveCfg = Debug|Win32
		{A8CC9ED8-9DA8-42F8-9329-644A79615A1F}.Debug|x86.Build.0 = Debug|Win32
		{A8CC9ED8-9DA8-42F8-9329-644A79615A1F}.Release|x64.ActiveCfg = Release|x64
		{A8CC9ED8-9DA8-42F8-9329-644A79615A1F}.Release|x64.Build.0 = Release|x64
		{A8CC9ED8-9DA8-42F8-9329-644A79615A1F}.Release|x86.ActiveCfg = Release|Win32
		{A8CC9ED8-9DA8-42F8-9329-644A79615A1F}.Release|x86.Build.0 = Release|Win32
	EndGlobalSection
	GlobalSection(SolutionProperties) = preSolution
		HideSolutionNode = FALSE
	EndGlobalSection
	GlobalSection(ExtensibilityGlobals) = postSolution
		SolutionGuid = {6CAF5746-48DF-4399-8AEF-9AB564EE9B18}
	EndGlobalSection
EndGlobal
