
Microsoft Visual Studio Solution File, Format Version 12.00
# Visual Studio Version 17
VisualStudioVersion = 17.3.32804.467
MinimumVisualStudioVersion = 10.0.40219.1
Project("{8BC9CEB8-8B4A-11D0-8D11-00A0C91BC942}") = "分形", "分形\分形.vcxproj", "{EC4B5226-2F07-4AF6-AA25-ECB6D8848B93}"
EndProject
Global
	GlobalSection(SolutionConfigurationPlatforms) = preSolution
		Debug|x64 = Debug|x64
		Debug|x86 = Debug|x86
		Release|x64 = Release|x64
		Release|x86 = Release|x86
	EndGlobalSection
	GlobalSection(ProjectConfigurationPlatforms) = postSolution
		{EC4B5226-2F07-4AF6-AA25-ECB6D8848B93}.Debug|x64.ActiveCfg = Debug|x64
		{EC4B5226-2F07-4AF6-AA25-ECB6D8848B93}.Debug|x64.Build.0 = Debug|x64
		{EC4B5226-2F07-4AF6-AA25-ECB6D8848B93}.Debug|x86.ActiveCfg = Debug|Win32
		{EC4B5226-2F07-4AF6-AA25-ECB6D8848B93}.Debug|x86.Build.0 = Debug|Win32
		{EC4B5226-2F07-4AF6-AA25-ECB6D8848B93}.Release|x64.ActiveCfg = Release|x64
		{EC4B5226-2F07-4AF6-AA25-ECB6D8848B93}.Release|x64.Build.0 = Release|x64
		{EC4B5226-2F07-4AF6-AA25-ECB6D8848B93}.Release|x86.ActiveCfg = Release|Win32
		{EC4B5226-2F07-4AF6-AA25-ECB6D8848B93}.Release|x86.Build.0 = Release|Win32
	EndGlobalSection
	GlobalSection(SolutionProperties) = preSolution
		HideSolutionNode = FALSE
	EndGlobalSection
	GlobalSection(ExtensibilityGlobals) = postSolution
		SolutionGuid = {7FA72327-55C4-469E-A47D-E6AA0E93E06D}
	EndGlobalSection
EndGlobal
