
Microsoft Visual Studio Solution File, Format Version 12.00
# Visual Studio Version 17
VisualStudioVersion = 17.3.32804.467
MinimumVisualStudioVersion = 10.0.40219.1
Project("{8BC9CEB8-8B4A-11D0-8D11-00A0C91BC942}") = "fly chess", "fly chess\fly chess.vcxproj", "{A6608494-AE09-427F-A6EE-1F445E71FF71}"
EndProject
Project("{54435603-DBB4-11D2-8724-00A0C9A8B90C}") = "Setup proj", "Setup proj\Setup proj.vdproj", "{B4D93598-27EC-4687-94BE-ECC66FA948FB}"
EndProject
Global
	GlobalSection(SolutionConfigurationPlatforms) = preSolution
		Debug|x64 = Debug|x64
		Debug|x86 = Debug|x86
		Release|x64 = Release|x64
		Release|x86 = Release|x86
	EndGlobalSection
	GlobalSection(ProjectConfigurationPlatforms) = postSolution
		{A6608494-AE09-427F-A6EE-1F445E71FF71}.Debug|x64.ActiveCfg = Debug|x64
		{A6608494-AE09-427F-A6EE-1F445E71FF71}.Debug|x64.Build.0 = Debug|x64
		{A6608494-AE09-427F-A6EE-1F445E71FF71}.Debug|x86.ActiveCfg = Debug|Win32
		{A6608494-AE09-427F-A6EE-1F445E71FF71}.Debug|x86.Build.0 = Debug|Win32
		{A6608494-AE09-427F-A6EE-1F445E71FF71}.Release|x64.ActiveCfg = Release|x64
		{A6608494-AE09-427F-A6EE-1F445E71FF71}.Release|x64.Build.0 = Release|x64
		{A6608494-AE09-427F-A6EE-1F445E71FF71}.Release|x86.ActiveCfg = Release|Win32
		{A6608494-AE09-427F-A6EE-1F445E71FF71}.Release|x86.Build.0 = Release|Win32
		{B4D93598-27EC-4687-94BE-ECC66FA948FB}.Debug|x64.ActiveCfg = Debug
		{B4D93598-27EC-4687-94BE-ECC66FA948FB}.Debug|x86.ActiveCfg = Debug
		{B4D93598-27EC-4687-94BE-ECC66FA948FB}.Release|x64.ActiveCfg = Release
		{B4D93598-27EC-4687-94BE-ECC66FA948FB}.Release|x86.ActiveCfg = Release
	EndGlobalSection
	GlobalSection(SolutionProperties) = preSolution
		HideSolutionNode = FALSE
	EndGlobalSection
	GlobalSection(ExtensibilityGlobals) = postSolution
		SolutionGuid = {35870D5E-1C83-4BA1-91E1-413B36CA048B}
	EndGlobalSection
EndGlobal
